
Microsoft Visual Studio Solution File, Format Version 12.00
# Visual Studio 15
VisualStudioVersion = 15.0.28307.572
MinimumVisualStudioVersion = 10.0.40219.1
Project("{E24C65DC-7377-472B-9ABA-BC803B73C61A}") = "MichalsOnlineBookClub_Unit6-Project", "MichalsOnlineBookClub_Unit6-Project\", "{85EE3B95-A960-4F47-AE63-4C87DCA577CA}"
	ProjectSection(WebsiteProperties) = preProject
		TargetFrameworkMoniker = ".NETFramework,Version%3Dv4.6.1"
		Debug.AspNetCompiler.VirtualPath = "/localhost_51782"
		Debug.AspNetCompiler.PhysicalPath = "MichalsOnlineBookClub_Unit6-Project\"
		Debug.AspNetCompiler.TargetPath = "PrecompiledWeb\localhost_51782\"
		Debug.AspNetCompiler.Updateable = "true"
		Debug.AspNetCompiler.ForceOverwrite = "true"
		Debug.AspNetCompiler.FixedNames = "false"
		Debug.AspNetCompiler.Debug = "True"
		Release.AspNetCompiler.VirtualPath = "/localhost_51782"
		Release.AspNetCompiler.PhysicalPath = "MichalsOnlineBookClub_Unit6-Project\"
		Release.AspNetCompiler.TargetPath = "PrecompiledWeb\localhost_51782\"
		Release.AspNetCompiler.Updateable = "true"
		Release.AspNetCompiler.ForceOverwrite = "true"
		Release.AspNetCompiler.FixedNames = "false"
		Release.AspNetCompiler.Debug = "False"
		VWDPort = "51782"
		SlnRelativePath = "MichalsOnlineBookClub_Unit6-Project\"
		DefaultWebSiteLanguage = "Visual C#"
	EndProjectSection
	ProjectSection(ProjectDependencies) = postProject
		{3EFDCBC5-E981-428D-A99A-720D423A0A5D} = {3EFDCBC5-E981-428D-A99A-720D423A0A5D}
	EndProjectSection
EndProject
Project("{E24C65DC-7377-472B-9ABA-BC803B73C61A}") = "WebServiceBookClub", "WebServiceBookClub\", "{3EFDCBC5-E981-428D-A99A-720D423A0A5D}"
	ProjectSection(WebsiteProperties) = preProject
		TargetFrameworkMoniker = ".NETFramework,Version%3Dv4.6.1"
		Debug.AspNetCompiler.VirtualPath = "/localhost_62248"
		Debug.AspNetCompiler.PhysicalPath = "WebServiceBookClub\"
		Debug.AspNetCompiler.TargetPath = "PrecompiledWeb\localhost_62248\"
		Debug.AspNetCompiler.Updateable = "true"
		Debug.AspNetCompiler.ForceOverwrite = "true"
		Debug.AspNetCompiler.FixedNames = "false"
		Debug.AspNetCompiler.Debug = "True"
		Release.AspNetCompiler.VirtualPath = "/localhost_62248"
		Release.AspNetCompiler.PhysicalPath = "WebServiceBookClub\"
		Release.AspNetCompiler.TargetPath = "PrecompiledWeb\localhost_62248\"
		Release.AspNetCompiler.Updateable = "true"
		Release.AspNetCompiler.ForceOverwrite = "true"
		Release.AspNetCompiler.FixedNames = "false"
		Release.AspNetCompiler.Debug = "False"
		VWDPort = "62248"
		SlnRelativePath = "WebServiceBookClub\"
		DefaultWebSiteLanguage = "Visual C#"
	EndProjectSection
EndProject
Global
	GlobalSection(SolutionConfigurationPlatforms) = preSolution
		Debug|Any CPU = Debug|Any CPU
	EndGlobalSection
	GlobalSection(ProjectConfigurationPlatforms) = postSolution
		{85EE3B95-A960-4F47-AE63-4C87DCA577CA}.Debug|Any CPU.ActiveCfg = Debug|Any CPU
		{85EE3B95-A960-4F47-AE63-4C87DCA577CA}.Debug|Any CPU.Build.0 = Debug|Any CPU
		{3EFDCBC5-E981-428D-A99A-720D423A0A5D}.Debug|Any CPU.ActiveCfg = Debug|Any CPU
		{3EFDCBC5-E981-428D-A99A-720D423A0A5D}.Debug|Any CPU.Build.0 = Debug|Any CPU
	EndGlobalSection
	GlobalSection(SolutionProperties) = preSolution
		HideSolutionNode = FALSE
	EndGlobalSection
	GlobalSection(ExtensibilityGlobals) = postSolution
		SolutionGuid = {FE5EFA7A-B66A-4DA8-AC49-89E6CA842A3D}
	EndGlobalSection
EndGlobal
